# This file is generated by running "yarn install" inside your project.
# Manual changes might be lost - proceed with caution!

__metadata:
  version: 10
  cacheKey: 10c0

"@actions/core@npm:^3.0.1":
  version: 3.0.1
  resolution: "@actions/core@npm:3.0.1"
  dependencies:
    "@actions/exec": "npm:^3.0.0"
    "@actions/http-client": "npm:^4.0.0"
  checksum: 10c0/c1b86364e923e8b1bdcd338943d453c114b2cd8eb9507e07b7614679ea15ddf938b3bb75484aaf363bc3aa55ba926b9514ec08d79811a991f75c732a76c4d854
  languageName: node
  linkType: hard

"@actions/exec@npm:^3.0.0":
  version: 3.0.0
  resolution: "@actions/exec@npm:3.0.0"
  dependencies:
    "@actions/io": "npm:^3.0.2"
  checksum: 10c0/5e4357cd8538ae8d94ffef653559202e7d18db18c5ecccd2c943b4aab989df9cf4e466fcc3c4405887a3c30b88e87b89fb7c7f5b179622d1192525ec891f0274
  languageName: node
  linkType: hard

"@actions/http-client@npm:^4.0.0":
  version: 4.0.1
  resolution: "@actions/http-client@npm:4.0.1"
  dependencies:
    tunnel: "npm:^0.0.6"
    undici: "npm:^6.23.0"
  checksum: 10c0/2470880a461e00bfeee13462f05f089542af2a6da02bfd73422c549119a5078fbf2cc0c6d3f64d4e5a9df5aeef7f0cf08925a41793c136631ac2ec55dc7a697d
  languageName: node
  linkType: hard

"@actions/io@npm:^3.0.2":
  version: 3.0.2
  resolution: "@actions/io@npm:3.0.2"
  checksum: 10c0/25fae323886544f965e90ab9655e3fb60816eb379c78418c4b06a5dc9da27810eb5b0bd0629146dbd5482a03e3c60a5b8713223e4f789abede23df643ddcae8c
  languageName: node
  linkType: hard

"@sindresorhus/is@npm:^4.6.0":
  version: 4.6.0
  resolution: "@sindresorhus/is@npm:4.6.0"
  checksum: 10c0/33b6fb1d0834ec8dd7689ddc0e2781c2bfd8b9c4e4bacbcb14111e0ae00621f2c264b8a7d36541799d74888b5dccdf422a891a5cb5a709ace26325eedc81e22e
  languageName: node
  linkType: hard

"ansis@npm:^4.3.1":
  version: 4.3.1
  resolution: "ansis@npm:4.3.1"
  checksum: 10c0/d1a48090f9c33b18f254a3496e5336a20391a51140b552a1c0bc38710ae7c8bc36a62658f28759797d7bce15e89b893e9ef1962ea1ea42a291d112263f6e593c
  languageName: node
  linkType: hard

"char-regex@npm:^1.0.2":
  version: 1.0.2
  resolution: "char-regex@npm:1.0.2"
  checksum: 10c0/57a09a86371331e0be35d9083ba429e86c4f4648ecbe27455dbfb343037c16ee6fdc7f6b61f433a57cc5ded5561d71c56a150e018f40c2ffb7bc93a26dae341e
  languageName: node
  linkType: hard

"emojilib@npm:^2.4.0":
  version: 2.4.0
  resolution: "emojilib@npm:2.4.0"
  checksum: 10c0/6e66ba8921175842193f974e18af448bb6adb0cf7aeea75e08b9d4ea8e9baba0e4a5347b46ed901491dcaba277485891c33a8d70b0560ca5cc9672a94c21ab8f
  languageName: node
  linkType: hard

"node-emoji@npm:^2.2.0":
  version: 2.2.0
  resolution: "node-emoji@npm:2.2.0"
  dependencies:
    "@sindresorhus/is": "npm:^4.6.0"
    char-regex: "npm:^1.0.2"
    emojilib: "npm:^2.4.0"
    skin-tone: "npm:^2.0.0"
  checksum: 10c0/9525defbd90a82a2131758c2470203fa2a2faa8edd177147a8654a26307fe03594e52847ecbe2746d06cfc5c50acd12bd500f035350a7609e8217c9894c19aad
  languageName: node
  linkType: hard

"picocolors@npm:^1.1.1":
  version: 1.1.1
  resolution: "picocolors@npm:1.1.1"
  checksum: 10c0/e2e3e8170ab9d7c7421969adaa7e1b31434f789afb9b3f115f6b96d91945041ac3ceb02e9ec6fe6510ff036bcc0bf91e69a1772edc0b707e12b19c0f2d6bcf58
  languageName: node
  linkType: hard

"skin-tone@npm:^2.0.0":
  version: 2.0.0
  resolution: "skin-tone@npm:2.0.0"
  dependencies:
    unicode-emoji-modifier-base: "npm:^1.0.0"
  checksum: 10c0/82d4c2527864f9cbd6cb7f3c4abb31e2224752234d5013b881d3e34e9ab543545b05206df5a17d14b515459fcb265ce409f9cfe443903176b0360cd20e4e4ba5
  languageName: node
  linkType: hard

"smapi-launcher@workspace:.":
  version: 0.0.0-use.local
  resolution: "smapi-launcher@workspace:."
  dependencies:
    "@actions/core": "npm:^3.0.1"
    ansis: "npm:^4.3.1"
    node-emoji: "npm:^2.2.0"
    picocolors: "npm:^1.1.1"
  bin:
    smapi-launcher: core/src/cli/main.js
  languageName: unknown
  linkType: soft

"tunnel@npm:^0.0.6":
  version: 0.0.6
  resolution: "tunnel@npm:0.0.6"
  checksum: 10c0/e27e7e896f2426c1c747325b5f54efebc1a004647d853fad892b46d64e37591ccd0b97439470795e5262b5c0748d22beb4489a04a0a448029636670bfd801b75
  languageName: node
  linkType: hard

"undici@npm:^6.23.0":
  version: 6.28.0
  resolution: "undici@npm:6.28.0"
  checksum: 10c0/3029a70df06b38b5b2f30732932a1e92544c753cd82c8abdf0d35afad48e0ba91612e79fe3a442dbbb9434d6a9eba2b714d5ea28984c903dda2b5d5444f38354
  languageName: node
  linkType: hard

"unicode-emoji-modifier-base@npm:^1.0.0":
  version: 1.0.0
  resolution: "unicode-emoji-modifier-base@npm:1.0.0"
  checksum: 10c0/b37623fcf0162186debd20f116483e035a2d5b905b932a2c472459d9143d446ebcbefb2a494e2fe4fa7434355396e2a95ec3fc1f0c29a3bc8f2c827220e79c66
  languageName: node
  linkType: hard
