# This file is generated by running "yarn install" inside your project.
# Manual changes might be lost - proceed with caution!

__metadata:
  version: 10
  cacheKey: 10c0

"@sindresorhus/is@npm:^4.6.0":
  version: 4.6.0
  resolution: "@sindresorhus/is@npm:4.6.0"
  checksum: 10c0/33b6fb1d0834ec8dd7689ddc0e2781c2bfd8b9c4e4bacbcb14111e0ae00621f2c264b8a7d36541799d74888b5dccdf422a891a5cb5a709ace26325eedc81e22e
  languageName: node
  linkType: hard

"char-regex@npm:^1.0.2":
  version: 1.0.2
  resolution: "char-regex@npm:1.0.2"
  checksum: 10c0/57a09a86371331e0be35d9083ba429e86c4f4648ecbe27455dbfb343037c16ee6fdc7f6b61f433a57cc5ded5561d71c56a150e018f40c2ffb7bc93a26dae341e
  languageName: node
  linkType: hard

"emojilib@npm:^2.4.0":
  version: 2.4.0
  resolution: "emojilib@npm:2.4.0"
  checksum: 10c0/6e66ba8921175842193f974e18af448bb6adb0cf7aeea75e08b9d4ea8e9baba0e4a5347b46ed901491dcaba277485891c33a8d70b0560ca5cc9672a94c21ab8f
  languageName: node
  linkType: hard

"node-emoji@npm:^2.2.0":
  version: 2.2.0
  resolution: "node-emoji@npm:2.2.0"
  dependencies:
    "@sindresorhus/is": "npm:^4.6.0"
    char-regex: "npm:^1.0.2"
    emojilib: "npm:^2.4.0"
    skin-tone: "npm:^2.0.0"
  checksum: 10c0/9525defbd90a82a2131758c2470203fa2a2faa8edd177147a8654a26307fe03594e52847ecbe2746d06cfc5c50acd12bd500f035350a7609e8217c9894c19aad
  languageName: node
  linkType: hard

"picocolors@npm:^1.1.1":
  version: 1.1.1
  resolution: "picocolors@npm:1.1.1"
  checksum: 10c0/e2e3e8170ab9d7c7421969adaa7e1b31434f789afb9b3f115f6b96d91945041ac3ceb02e9ec6fe6510ff036bcc0bf91e69a1772edc0b707e12b19c0f2d6bcf58
  languageName: node
  linkType: hard

"skin-tone@npm:^2.0.0":
  version: 2.0.0
  resolution: "skin-tone@npm:2.0.0"
  dependencies:
    unicode-emoji-modifier-base: "npm:^1.0.0"
  checksum: 10c0/82d4c2527864f9cbd6cb7f3c4abb31e2224752234d5013b881d3e34e9ab543545b05206df5a17d14b515459fcb265ce409f9cfe443903176b0360cd20e4e4ba5
  languageName: node
  linkType: hard

"smapi-launcher@workspace:.":
  version: 0.0.0-use.local
  resolution: "smapi-launcher@workspace:."
  dependencies:
    node-emoji: "npm:^2.2.0"
    picocolors: "npm:^1.1.1"
  bin:
    smapi-launcher: core/src/cli/main.js
  languageName: unknown
  linkType: soft

"unicode-emoji-modifier-base@npm:^1.0.0":
  version: 1.0.0
  resolution: "unicode-emoji-modifier-base@npm:1.0.0"
  checksum: 10c0/b37623fcf0162186debd20f116483e035a2d5b905b932a2c472459d9143d446ebcbefb2a494e2fe4fa7434355396e2a95ec3fc1f0c29a3bc8f2c827220e79c66
  languageName: node
  linkType: hard
